
Microsoft Visual Studio Solution File, Format Version 12.00
# Visual Studio 15
VisualStudioVersion = 15.0.27703.2035
MinimumVisualStudioVersion = 10.0.40219.1
Project("{FAE04EC0-301F-11D3-BF4B-00C04F79EFBC}") = "M11.Android", "M11\M11.Android\M11.Android.csproj", "{A2D80D08-E826-4D19-9F72-359580E84366}"
EndProject
Project("{FAE04EC0-301F-11D3-BF4B-00C04F79EFBC}") = "M11.iOS", "M11\M11.iOS\M11.iOS.csproj", "{C869646A-6C81-4CC4-9963-4F4ACEAE2AD7}"
EndProject
Project("{9A19103F-16F7-4668-BE54-9A1E7A4F7556}") = "M11", "M11\M11\M11.csproj", "{4FC08968-A8FE-4D42-A4A2-A3E885B5DDF2}"
EndProject
Project("{9A19103F-16F7-4668-BE54-9A1E7A4F7556}") = "M11.Services", "M11.Services\M11.Services.csproj", "{5F3324B6-C6DD-4C14-9958-95984E192D7C}"
EndProject
Project("{9A19103F-16F7-4668-BE54-9A1E7A4F7556}") = "M11.Common", "M11.Common\M11.Common.csproj", "{1FA68791-26B0-440A-A0A1-191317DF32F7}"
EndProject
Project("{FAE04EC0-301F-11D3-BF4B-00C04F79EFBC}") = "M11.Tests", "M11.Tests\M11.Tests.csproj", "{E6734F36-909A-4DAC-B469-B170AB8E8909}"
EndProject
Global
	GlobalSection(SolutionConfigurationPlatforms) = preSolution
		Ad-Hoc|Any CPU = Ad-Hoc|Any CPU
		Ad-Hoc|ARM = Ad-Hoc|ARM
		Ad-Hoc|iPhone = Ad-Hoc|iPhone
		Ad-Hoc|iPhoneSimulator = Ad-Hoc|iPhoneSimulator
		Ad-Hoc|x64 = Ad-Hoc|x64
		Ad-Hoc|x86 = Ad-Hoc|x86
		AppStore|Any CPU = AppStore|Any CPU
		AppStore|ARM = AppStore|ARM
		AppStore|iPhone = AppStore|iPhone
		AppStore|iPhoneSimulator = AppStore|iPhoneSimulator
		AppStore|x64 = AppStore|x64
		AppStore|x86 = AppStore|x86
		Debug|Any CPU = Debug|Any CPU
		Debug|ARM = Debug|ARM
		Debug|iPhone = Debug|iPhone
		Debug|iPhoneSimulator = Debug|iPhoneSimulator
		Debug|x64 = Debug|x64
		Debug|x86 = Debug|x86
		Release|Any CPU = Release|Any CPU
		Release|ARM = Release|ARM
		Release|iPhone = Release|iPhone
		Release|iPhoneSimulator = Release|iPhoneSimulator
		Release|x64 = Release|x64
		Release|x86 = Release|x86
	EndGlobalSection
	GlobalSection(ProjectConfigurationPlatforms) = postSolution
		{A2D80D08-E826-4D19-9F72-359580E84366}.Ad-Hoc|Any CPU.ActiveCfg = Release|Any CPU
		{A2D80D08-E826-4D19-9F72-359580E84366}.Ad-Hoc|Any CPU.Build.0 = Release|Any CPU
		{A2D80D08-E826-4D19-9F72-359580E84366}.Ad-Hoc|Any CPU.Deploy.0 = Release|Any CPU
		{A2D80D08-E826-4D19-9F72-359580E84366}.Ad-Hoc|ARM.ActiveCfg = Release|Any CPU
		{A2D80D08-E826-4D19-9F72-359580E84366}.Ad-Hoc|ARM.Build.0 = Release|Any CPU
		{A2D80D08-E826-4D19-9F72-359580E84366}.Ad-Hoc|ARM.Deploy.0 = Release|Any CPU
		{A2D80D08-E826-4D19-9F72-359580E84366}.Ad-Hoc|iPhone.ActiveCfg = Release|Any CPU
		{A2D80D08-E826-4D19-9F72-359580E84366}.Ad-Hoc|iPhone.Build.0 = Release|Any CPU
		{A2D80D08-E826-4D19-9F72-359580E84366}.Ad-Hoc|iPhone.Deploy.0 = Release|Any CPU
		{A2D80D08-E826-4D19-9F72-359580E84366}.Ad-Hoc|iPhoneSimulator.ActiveCfg = Release|Any CPU
		{A2D80D08-E826-4D19-9F72-359580E84366}.Ad-Hoc|iPhoneSimulator.Build.0 = Release|Any CPU
		{A2D80D08-E826-4D19-9F72-359580E84366}.Ad-Hoc|iPhoneSimulator.Deploy.0 = Release|Any CPU
		{A2D80D08-E826-4D19-9F72-359580E84366}.Ad-Hoc|x64.ActiveCfg = Release|Any CPU
		{A2D80D08-E826-4D19-9F72-359580E84366}.Ad-Hoc|x64.Build.0 = Release|Any CPU
		{A2D80D08-E826-4D19-9F72-359580E84366}.Ad-Hoc|x64.Deploy.0 = Release|Any CPU
		{A2D80D08-E826-4D19-9F72-359580E84366}.Ad-Hoc|x86.ActiveCfg = Release|Any CPU
		{A2D80D08-E826-4D19-9F72-359580E84366}.Ad-Hoc|x86.Build.0 = Release|Any CPU
		{A2D80D08-E826-4D19-9F72-359580E84366}.Ad-Hoc|x86.Deploy.0 = Release|Any CPU
		{A2D80D08-E826-4D19-9F72-359580E84366}.AppStore|Any CPU.ActiveCfg = Release|Any CPU
		{A2D80D08-E826-4D19-9F72-359580E84366}.AppStore|Any CPU.Build.0 = Release|Any CPU
		{A2D80D08-E826-4D19-9F72-359580E84366}.AppStore|Any CPU.Deploy.0 = Release|Any CPU
		{A2D80D08-E826-4D19-9F72-359580E84366}.AppStore|ARM.ActiveCfg = Release|Any CPU
		{A2D80D08-E826-4D19-9F72-359580E84366}.AppStore|ARM.Build.0 = Release|Any CPU
		{A2D80D08-E826-4D19-9F72-359580E84366}.AppStore|ARM.Deploy.0 = Release|Any CPU
		{A2D80D08-E826-4D19-9F72-359580E84366}.AppStore|iPhone.ActiveCfg = Release|Any CPU
		{A2D80D08-E826-4D19-9F72-359580E84366}.AppStore|iPhone.Build.0 = Release|Any CPU
		{A2D80D08-E826-4D19-9F72-359580E84366}.AppStore|iPhone.Deploy.0 = Release|Any CPU
		{A2D80D08-E826-4D19-9F72-359580E84366}.AppStore|iPhoneSimulator.ActiveCfg = Release|Any CPU
		{A2D80D08-E826-4D19-9F72-359580E84366}.AppStore|iPhoneSimulator.Build.0 = Release|Any CPU
		{A2D80D08-E826-4D19-9F72-359580E84366}.AppStore|iPhoneSimulator.Deploy.0 = Release|Any CPU
		{A2D80D08-E826-4D19-9F72-359580E84366}.AppStore|x64.ActiveCfg = Release|Any CPU
		{A2D80D08-E826-4D19-9F72-359580E84366}.AppStore|x64.Build.0 = Release|Any CPU
		{A2D80D08-E826-4D19-9F72-359580E84366}.AppStore|x64.Deploy.0 = Release|Any CPU
		{A2D80D08-E826-4D19-9F72-359580E84366}.AppStore|x86.ActiveCfg = Release|Any CPU
		{A2D80D08-E826-4D19-9F72-359580E84366}.AppStore|x86.Build.0 = Release|Any CPU
		{A2D80D08-E826-4D19-9F72-359580E84366}.AppStore|x86.Deploy.0 = Release|Any CPU
		{A2D80D08-E826-4D19-9F72-359580E84366}.Debug|Any CPU.ActiveCfg = Debug|Any CPU
		{A2D80D08-E826-4D19-9F72-359580E84366}.Debug|Any CPU.Build.0 = Debug|Any CPU
		{A2D80D08-E826-4D19-9F72-359580E84366}.Debug|Any CPU.Deploy.0 = Debug|Any CPU
		{A2D80D08-E826-4D19-9F72-359580E84366}.Debug|ARM.ActiveCfg = Debug|Any CPU
		{A2D80D08-E826-4D19-9F72-359580E84366}.Debug|ARM.Build.0 = Debug|Any CPU
		{A2D80D08-E826-4D19-9F72-359580E84366}.Debug|ARM.Deploy.0 = Debug|Any CPU
		{A2D80D08-E826-4D19-9F72-359580E84366}.Debug|iPhone.ActiveCfg = Debug|Any CPU
		{A2D80D08-E826-4D19-9F72-359580E84366}.Debug|iPhone.Build.0 = Debug|Any CPU
		{A2D80D08-E826-4D19-9F72-359580E84366}.Debug|iPhone.Deploy.0 = Debug|Any CPU
		{A2D80D08-E826-4D19-9F72-359580E84366}.Debug|iPhoneSimulator.ActiveCfg = Debug|Any CPU
		{A2D80D08-E826-4D19-9F72-359580E84366}.Debug|iPhoneSimulator.Build.0 = Debug|Any CPU
		{A2D80D08-E826-4D19-9F72-359580E84366}.Debug|iPhoneSimulator.Deploy.0 = Debug|Any CPU
		{A2D80D08-E826-4D19-9F72-359580E84366}.Debug|x64.ActiveCfg = Debug|Any CPU
		{A2D80D08-E826-4D19-9F72-359580E84366}.Debug|x64.Build.0 = Debug|Any CPU
		{A2D80D08-E826-4D19-9F72-359580E84366}.Debug|x64.Deploy.0 = Debug|Any CPU
		{A2D80D08-E826-4D19-9F72-359580E84366}.Debug|x86.ActiveCfg = Debug|Any CPU
		{A2D80D08-E826-4D19-9F72-359580E84366}.Debug|x86.Build.0 = Debug|Any CPU
		{A2D80D08-E826-4D19-9F72-359580E84366}.Debug|x86.Deploy.0 = Debug|Any CPU
		{A2D80D08-E826-4D19-9F72-359580E84366}.Release|Any CPU.ActiveCfg = Release|Any CPU
		{A2D80D08-E826-4D19-9F72-359580E84366}.Release|Any CPU.Build.0 = Release|Any CPU
		{A2D80D08-E826-4D19-9F72-359580E84366}.Release|Any CPU.Deploy.0 = Release|Any CPU
		{A2D80D08-E826-4D19-9F72-359580E84366}.Release|ARM.ActiveCfg = Release|Any CPU
		{A2D80D08-E826-4D19-9F72-359580E84366}.Release|ARM.Build.0 = Release|Any CPU
		{A2D80D08-E826-4D19-9F72-359580E84366}.Release|ARM.Deploy.0 = Release|Any CPU
		{A2D80D08-E826-4D19-9F72-359580E84366}.Release|iPhone.ActiveCfg = Release|Any CPU
		{A2D80D08-E826-4D19-9F72-359580E84366}.Release|iPhone.Build.0 = Release|Any CPU
		{A2D80D08-E826-4D19-9F72-359580E84366}.Release|iPhone.Deploy.0 = Release|Any CPU
		{A2D80D08-E826-4D19-9F72-359580E84366}.Release|iPhoneSimulator.ActiveCfg = Release|Any CPU
		{A2D80D08-E826-4D19-9F72-359580E84366}.Release|iPhoneSimulator.Build.0 = Release|Any CPU
		{A2D80D08-E826-4D19-9F72-359580E84366}.Release|iPhoneSimulator.Deploy.0 = Release|Any CPU
		{A2D80D08-E826-4D19-9F72-359580E84366}.Release|x64.ActiveCfg = Release|Any CPU
		{A2D80D08-E826-4D19-9F72-359580E84366}.Release|x64.Build.0 = Release|Any CPU
		{A2D80D08-E826-4D19-9F72-359580E84366}.Release|x64.Deploy.0 = Release|Any CPU
		{A2D80D08-E826-4D19-9F72-359580E84366}.Release|x86.ActiveCfg = Release|Any CPU
		{A2D80D08-E826-4D19-9F72-359580E84366}.Release|x86.Build.0 = Release|Any CPU
		{A2D80D08-E826-4D19-9F72-359580E84366}.Release|x86.Deploy.0 = Release|Any CPU
		{C869646A-6C81-4CC4-9963-4F4ACEAE2AD7}.Ad-Hoc|Any CPU.ActiveCfg = Ad-Hoc|iPhone
		{C869646A-6C81-4CC4-9963-4F4ACEAE2AD7}.Ad-Hoc|Any CPU.Build.0 = Ad-Hoc|iPhone
		{C869646A-6C81-4CC4-9963-4F4ACEAE2AD7}.Ad-Hoc|Any CPU.Deploy.0 = Ad-Hoc|iPhone
		{C869646A-6C81-4CC4-9963-4F4ACEAE2AD7}.Ad-Hoc|ARM.ActiveCfg = Ad-Hoc|iPhone
		{C869646A-6C81-4CC4-9963-4F4ACEAE2AD7}.Ad-Hoc|ARM.Build.0 = Ad-Hoc|iPhone
		{C869646A-6C81-4CC4-9963-4F4ACEAE2AD7}.Ad-Hoc|ARM.Deploy.0 = Ad-Hoc|iPhone
		{C869646A-6C81-4CC4-9963-4F4ACEAE2AD7}.Ad-Hoc|iPhone.ActiveCfg = Ad-Hoc|iPhone
		{C869646A-6C81-4CC4-9963-4F4ACEAE2AD7}.Ad-Hoc|iPhone.Build.0 = Ad-Hoc|iPhone
		{C869646A-6C81-4CC4-9963-4F4ACEAE2AD7}.Ad-Hoc|iPhone.Deploy.0 = Ad-Hoc|iPhone
		{C869646A-6C81-4CC4-9963-4F4ACEAE2AD7}.Ad-Hoc|iPhoneSimulator.ActiveCfg = Ad-Hoc|iPhoneSimulator
		{C869646A-6C81-4CC4-9963-4F4ACEAE2AD7}.Ad-Hoc|iPhoneSimulator.Build.0 = Ad-Hoc|iPhoneSimulator
		{C869646A-6C81-4CC4-9963-4F4ACEAE2AD7}.Ad-Hoc|iPhoneSimulator.Deploy.0 = Ad-Hoc|iPhoneSimulator
		{C869646A-6C81-4CC4-9963-4F4ACEAE2AD7}.Ad-Hoc|x64.ActiveCfg = Ad-Hoc|iPhone
		{C869646A-6C81-4CC4-9963-4F4ACEAE2AD7}.Ad-Hoc|x64.Build.0 = Ad-Hoc|iPhone
		{C869646A-6C81-4CC4-9963-4F4ACEAE2AD7}.Ad-Hoc|x64.Deploy.0 = Ad-Hoc|iPhone
		{C869646A-6C81-4CC4-9963-4F4ACEAE2AD7}.Ad-Hoc|x86.ActiveCfg = Ad-Hoc|iPhone
		{C869646A-6C81-4CC4-9963-4F4ACEAE2AD7}.Ad-Hoc|x86.Build.0 = Ad-Hoc|iPhone
		{C869646A-6C81-4CC4-9963-4F4ACEAE2AD7}.Ad-Hoc|x86.Deploy.0 = Ad-Hoc|iPhone
		{C869646A-6C81-4CC4-9963-4F4ACEAE2AD7}.AppStore|Any CPU.ActiveCfg = AppStore|iPhone
		{C869646A-6C81-4CC4-9963-4F4ACEAE2AD7}.AppStore|Any CPU.Build.0 = AppStore|iPhone
		{C869646A-6C81-4CC4-9963-4F4ACEAE2AD7}.AppStore|Any CPU.Deploy.0 = AppStore|iPhone
		{C869646A-6C81-4CC4-9963-4F4ACEAE2AD7}.AppStore|ARM.ActiveCfg = AppStore|iPhone
		{C869646A-6C81-4CC4-9963-4F4ACEAE2AD7}.AppStore|ARM.Build.0 = AppStore|iPhone
		{C869646A-6C81-4CC4-9963-4F4ACEAE2AD7}.AppStore|ARM.Deploy.0 = AppStore|iPhone
		{C869646A-6C81-4CC4-9963-4F4ACEAE2AD7}.AppStore|iPhone.ActiveCfg = AppStore|iPhone
		{C869646A-6C81-4CC4-9963-4F4ACEAE2AD7}.AppStore|iPhone.Build.0 = AppStore|iPhone
		{C869646A-6C81-4CC4-9963-4F4ACEAE2AD7}.AppStore|iPhone.Deploy.0 = AppStore|iPhone
		{C869646A-6C81-4CC4-9963-4F4ACEAE2AD7}.AppStore|iPhoneSimulator.ActiveCfg = AppStore|iPhoneSimulator
		{C869646A-6C81-4CC4-9963-4F4ACEAE2AD7}.AppStore|iPhoneSimulator.Build.0 = AppStore|iPhoneSimulator
		{C869646A-6C81-4CC4-9963-4F4ACEAE2AD7}.AppStore|iPhoneSimulator.Deploy.0 = AppStore|iPhoneSimulator
		{C869646A-6C81-4CC4-9963-4F4ACEAE2AD7}.AppStore|x64.ActiveCfg = AppStore|iPhone
		{C869646A-6C81-4CC4-9963-4F4ACEAE2AD7}.AppStore|x64.Build.0 = AppStore|iPhone
		{C869646A-6C81-4CC4-9963-4F4ACEAE2AD7}.AppStore|x64.Deploy.0 = AppStore|iPhone
		{C869646A-6C81-4CC4-9963-4F4ACEAE2AD7}.AppStore|x86.ActiveCfg = AppStore|iPhone
		{C869646A-6C81-4CC4-9963-4F4ACEAE2AD7}.AppStore|x86.Build.0 = AppStore|iPhone
		{C869646A-6C81-4CC4-9963-4F4ACEAE2AD7}.AppStore|x86.Deploy.0 = AppStore|iPhone
		{C869646A-6C81-4CC4-9963-4F4ACEAE2AD7}.Debug|Any CPU.ActiveCfg = Debug|iPhoneSimulator
		{C869646A-6C81-4CC4-9963-4F4ACEAE2AD7}.Debug|Any CPU.Build.0 = Debug|iPhoneSimulator
		{C869646A-6C81-4CC4-9963-4F4ACEAE2AD7}.Debug|Any CPU.Deploy.0 = Debug|iPhoneSimulator
		{C869646A-6C81-4CC4-9963-4F4ACEAE2AD7}.Debug|ARM.ActiveCfg = Debug|iPhone
		{C869646A-6C81-4CC4-9963-4F4ACEAE2AD7}.Debug|ARM.Build.0 = Debug|iPhone
		{C869646A-6C81-4CC4-9963-4F4ACEAE2AD7}.Debug|ARM.Deploy.0 = Debug|iPhone
		{C869646A-6C81-4CC4-9963-4F4ACEAE2AD7}.Debug|iPhone.ActiveCfg = Debug|iPhone
		{C869646A-6C81-4CC4-9963-4F4ACEAE2AD7}.Debug|iPhone.Build.0 = Debug|iPhone
		{C869646A-6C81-4CC4-9963-4F4ACEAE2AD7}.Debug|iPhone.Deploy.0 = Debug|iPhone
		{C869646A-6C81-4CC4-9963-4F4ACEAE2AD7}.Debug|iPhoneSimulator.ActiveCfg = Debug|iPhoneSimulator
		{C869646A-6C81-4CC4-9963-4F4ACEAE2AD7}.Debug|iPhoneSimulator.Build.0 = Debug|iPhoneSimulator
		{C869646A-6C81-4CC4-9963-4F4ACEAE2AD7}.Debug|iPhoneSimulator.Deploy.0 = Debug|iPhoneSimulator
		{C869646A-6C81-4CC4-9963-4F4ACEAE2AD7}.Debug|x64.ActiveCfg = Debug|iPhone
		{C869646A-6C81-4CC4-9963-4F4ACEAE2AD7}.Debug|x64.Build.0 = Debug|iPhone
		{C869646A-6C81-4CC4-9963-4F4ACEAE2AD7}.Debug|x64.Deploy.0 = Debug|iPhone
		{C869646A-6C81-4CC4-9963-4F4ACEAE2AD7}.Debug|x86.ActiveCfg = Debug|iPhone
		{C869646A-6C81-4CC4-9963-4F4ACEAE2AD7}.Debug|x86.Build.0 = Debug|iPhone
		{C869646A-6C81-4CC4-9963-4F4ACEAE2AD7}.Debug|x86.Deploy.0 = Debug|iPhone
		{C869646A-6C81-4CC4-9963-4F4ACEAE2AD7}.Release|Any CPU.ActiveCfg = Release|iPhone
		{C869646A-6C81-4CC4-9963-4F4ACEAE2AD7}.Release|Any CPU.Build.0 = Release|iPhone
		{C869646A-6C81-4CC4-9963-4F4ACEAE2AD7}.Release|Any CPU.Deploy.0 = Release|iPhone
		{C869646A-6C81-4CC4-9963-4F4ACEAE2AD7}.Release|ARM.ActiveCfg = Release|iPhone
		{C869646A-6C81-4CC4-9963-4F4ACEAE2AD7}.Release|ARM.Build.0 = Release|iPhone
		{C869646A-6C81-4CC4-9963-4F4ACEAE2AD7}.Release|ARM.Deploy.0 = Release|iPhone
		{C869646A-6C81-4CC4-9963-4F4ACEAE2AD7}.Release|iPhone.ActiveCfg = Release|iPhone
		{C869646A-6C81-4CC4-9963-4F4ACEAE2AD7}.Release|iPhone.Build.0 = Release|iPhone
		{C869646A-6C81-4CC4-9963-4F4ACEAE2AD7}.Release|iPhone.Deploy.0 = Release|iPhone
		{C869646A-6C81-4CC4-9963-4F4ACEAE2AD7}.Release|iPhoneSimulator.ActiveCfg = Release|iPhoneSimulator
		{C869646A-6C81-4CC4-9963-4F4ACEAE2AD7}.Release|iPhoneSimulator.Build.0 = Release|iPhoneSimulator
		{C869646A-6C81-4CC4-9963-4F4ACEAE2AD7}.Release|iPhoneSimulator.Deploy.0 = Release|iPhoneSimulator
		{C869646A-6C81-4CC4-9963-4F4ACEAE2AD7}.Release|x64.ActiveCfg = Release|iPhone
		{C869646A-6C81-4CC4-9963-4F4ACEAE2AD7}.Release|x64.Build.0 = Release|iPhone
		{C869646A-6C81-4CC4-9963-4F4ACEAE2AD7}.Release|x64.Deploy.0 = Release|iPhone
		{C869646A-6C81-4CC4-9963-4F4ACEAE2AD7}.Release|x86.ActiveCfg = Release|iPhone
		{C869646A-6C81-4CC4-9963-4F4ACEAE2AD7}.Release|x86.Build.0 = Release|iPhone
		{C869646A-6C81-4CC4-9963-4F4ACEAE2AD7}.Release|x86.Deploy.0 = Release|iPhone
		{4FC08968-A8FE-4D42-A4A2-A3E885B5DDF2}.Ad-Hoc|Any CPU.ActiveCfg = Debug|Any CPU
		{4FC08968-A8FE-4D42-A4A2-A3E885B5DDF2}.Ad-Hoc|Any CPU.Build.0 = Debug|Any CPU
		{4FC08968-A8FE-4D42-A4A2-A3E885B5DDF2}.Ad-Hoc|Any CPU.Deploy.0 = Debug|Any CPU
		{4FC08968-A8FE-4D42-A4A2-A3E885B5DDF2}.Ad-Hoc|ARM.ActiveCfg = Debug|Any CPU
		{4FC08968-A8FE-4D42-A4A2-A3E885B5DDF2}.Ad-Hoc|ARM.Build.0 = Debug|Any CPU
		{4FC08968-A8FE-4D42-A4A2-A3E885B5DDF2}.Ad-Hoc|ARM.Deploy.0 = Debug|Any CPU
		{4FC08968-A8FE-4D42-A4A2-A3E885B5DDF2}.Ad-Hoc|iPhone.ActiveCfg = Debug|Any CPU
		{4FC08968-A8FE-4D42-A4A2-A3E885B5DDF2}.Ad-Hoc|iPhone.Build.0 = Debug|Any CPU
		{4FC08968-A8FE-4D42-A4A2-A3E885B5DDF2}.Ad-Hoc|iPhone.Deploy.0 = Debug|Any CPU
		{4FC08968-A8FE-4D42-A4A2-A3E885B5DDF2}.Ad-Hoc|iPhoneSimulator.ActiveCfg = Debug|Any CPU
		{4FC08968-A8FE-4D42-A4A2-A3E885B5DDF2}.Ad-Hoc|iPhoneSimulator.Build.0 = Debug|Any CPU
		{4FC08968-A8FE-4D42-A4A2-A3E885B5DDF2}.Ad-Hoc|iPhoneSimulator.Deploy.0 = Debug|Any CPU
		{4FC08968-A8FE-4D42-A4A2-A3E885B5DDF2}.Ad-Hoc|x64.ActiveCfg = Debug|Any CPU
		{4FC08968-A8FE-4D42-A4A2-A3E885B5DDF2}.Ad-Hoc|x64.Build.0 = Debug|Any CPU
		{4FC08968-A8FE-4D42-A4A2-A3E885B5DDF2}.Ad-Hoc|x64.Deploy.0 = Debug|Any CPU
		{4FC08968-A8FE-4D42-A4A2-A3E885B5DDF2}.Ad-Hoc|x86.ActiveCfg = Debug|Any CPU
		{4FC08968-A8FE-4D42-A4A2-A3E885B5DDF2}.Ad-Hoc|x86.Build.0 = Debug|Any CPU
		{4FC08968-A8FE-4D42-A4A2-A3E885B5DDF2}.Ad-Hoc|x86.Deploy.0 = Debug|Any CPU
		{4FC08968-A8FE-4D42-A4A2-A3E885B5DDF2}.AppStore|Any CPU.ActiveCfg = Debug|Any CPU
		{4FC08968-A8FE-4D42-A4A2-A3E885B5DDF2}.AppStore|Any CPU.Build.0 = Debug|Any CPU
		{4FC08968-A8FE-4D42-A4A2-A3E885B5DDF2}.AppStore|Any CPU.Deploy.0 = Debug|Any CPU
		{4FC08968-A8FE-4D42-A4A2-A3E885B5DDF2}.AppStore|ARM.ActiveCfg = Debug|Any CPU
		{4FC08968-A8FE-4D42-A4A2-A3E885B5DDF2}.AppStore|ARM.Build.0 = Debug|Any CPU
		{4FC08968-A8FE-4D42-A4A2-A3E885B5DDF2}.AppStore|ARM.Deploy.0 = Debug|Any CPU
		{4FC08968-A8FE-4D42-A4A2-A3E885B5DDF2}.AppStore|iPhone.ActiveCfg = Debug|Any CPU
		{4FC08968-A8FE-4D42-A4A2-A3E885B5DDF2}.AppStore|iPhone.Build.0 = Debug|Any CPU
		{4FC08968-A8FE-4D42-A4A2-A3E885B5DDF2}.AppStore|iPhone.Deploy.0 = Debug|Any CPU
		{4FC08968-A8FE-4D42-A4A2-A3E885B5DDF2}.AppStore|iPhoneSimulator.ActiveCfg = Debug|Any CPU
		{4FC08968-A8FE-4D42-A4A2-A3E885B5DDF2}.AppStore|iPhoneSimulator.Build.0 = Debug|Any CPU
		{4FC08968-A8FE-4D42-A4A2-A3E885B5DDF2}.AppStore|iPhoneSimulator.Deploy.0 = Debug|Any CPU
		{4FC08968-A8FE-4D42-A4A2-A3E885B5DDF2}.AppStore|x64.ActiveCfg = Debug|Any CPU
		{4FC08968-A8FE-4D42-A4A2-A3E885B5DDF2}.AppStore|x64.Build.0 = Debug|Any CPU
		{4FC08968-A8FE-4D42-A4A2-A3E885B5DDF2}.AppStore|x64.Deploy.0 = Debug|Any CPU
		{4FC08968-A8FE-4D42-A4A2-A3E885B5DDF2}.AppStore|x86.ActiveCfg = Debug|Any CPU
		{4FC08968-A8FE-4D42-A4A2-A3E885B5DDF2}.AppStore|x86.Build.0 = Debug|Any CPU
		{4FC08968-A8FE-4D42-A4A2-A3E885B5DDF2}.AppStore|x86.Deploy.0 = Debug|Any CPU
		{4FC08968-A8FE-4D42-A4A2-A3E885B5DDF2}.Debug|Any CPU.ActiveCfg = Debug|Any CPU
		{4FC08968-A8FE-4D42-A4A2-A3E885B5DDF2}.Debug|Any CPU.Build.0 = Debug|Any CPU
		{4FC08968-A8FE-4D42-A4A2-A3E885B5DDF2}.Debug|Any CPU.Deploy.0 = Debug|Any CPU
		{4FC08968-A8FE-4D42-A4A2-A3E885B5DDF2}.Debug|ARM.ActiveCfg = Debug|Any CPU
		{4FC08968-A8FE-4D42-A4A2-A3E885B5DDF2}.Debug|ARM.Build.0 = Debug|Any CPU
		{4FC08968-A8FE-4D42-A4A2-A3E885B5DDF2}.Debug|ARM.Deploy.0 = Debug|Any CPU
		{4FC08968-A8FE-4D42-A4A2-A3E885B5DDF2}.Debug|iPhone.ActiveCfg = Debug|Any CPU
		{4FC08968-A8FE-4D42-A4A2-A3E885B5DDF2}.Debug|iPhone.Build.0 = Debug|Any CPU
		{4FC08968-A8FE-4D42-A4A2-A3E885B5DDF2}.Debug|iPhone.Deploy.0 = Debug|Any CPU
		{4FC08968-A8FE-4D42-A4A2-A3E885B5DDF2}.Debug|iPhoneSimulator.ActiveCfg = Debug|Any CPU
		{4FC08968-A8FE-4D42-A4A2-A3E885B5DDF2}.Debug|iPhoneSimulator.Build.0 = Debug|Any CPU
		{4FC08968-A8FE-4D42-A4A2-A3E885B5DDF2}.Debug|iPhoneSimulator.Deploy.0 = Debug|Any CPU
		{4FC08968-A8FE-4D42-A4A2-A3E885B5DDF2}.Debug|x64.ActiveCfg = Debug|Any CPU
		{4FC08968-A8FE-4D42-A4A2-A3E885B5DDF2}.Debug|x64.Build.0 = Debug|Any CPU
		{4FC08968-A8FE-4D42-A4A2-A3E885B5DDF2}.Debug|x64.Deploy.0 = Debug|Any CPU
		{4FC08968-A8FE-4D42-A4A2-A3E885B5DDF2}.Debug|x86.ActiveCfg = Debug|Any CPU
		{4FC08968-A8FE-4D42-A4A2-A3E885B5DDF2}.Debug|x86.Build.0 = Debug|Any CPU
		{4FC08968-A8FE-4D42-A4A2-A3E885B5DDF2}.Debug|x86.Deploy.0 = Debug|Any CPU
		{4FC08968-A8FE-4D42-A4A2-A3E885B5DDF2}.Release|Any CPU.ActiveCfg = Release|Any CPU
		{4FC08968-A8FE-4D42-A4A2-A3E885B5DDF2}.Release|Any CPU.Build.0 = Release|Any CPU
		{4FC08968-A8FE-4D42-A4A2-A3E885B5DDF2}.Release|Any CPU.Deploy.0 = Release|Any CPU
		{4FC08968-A8FE-4D42-A4A2-A3E885B5DDF2}.Release|ARM.ActiveCfg = Release|Any CPU
		{4FC08968-A8FE-4D42-A4A2-A3E885B5DDF2}.Release|ARM.Build.0 = Release|Any CPU
		{4FC08968-A8FE-4D42-A4A2-A3E885B5DDF2}.Release|ARM.Deploy.0 = Release|Any CPU
		{4FC08968-A8FE-4D42-A4A2-A3E885B5DDF2}.Release|iPhone.ActiveCfg = Release|Any CPU
		{4FC08968-A8FE-4D42-A4A2-A3E885B5DDF2}.Release|iPhone.Build.0 = Release|Any CPU
		{4FC08968-A8FE-4D42-A4A2-A3E885B5DDF2}.Release|iPhone.Deploy.0 = Release|Any CPU
		{4FC08968-A8FE-4D42-A4A2-A3E885B5DDF2}.Release|iPhoneSimulator.ActiveCfg = Release|Any CPU
		{4FC08968-A8FE-4D42-A4A2-A3E885B5DDF2}.Release|iPhoneSimulator.Build.0 = Release|Any CPU
		{4FC08968-A8FE-4D42-A4A2-A3E885B5DDF2}.Release|iPhoneSimulator.Deploy.0 = Release|Any CPU
		{4FC08968-A8FE-4D42-A4A2-A3E885B5DDF2}.Release|x64.ActiveCfg = Release|Any CPU
		{4FC08968-A8FE-4D42-A4A2-A3E885B5DDF2}.Release|x64.Build.0 = Release|Any CPU
		{4FC08968-A8FE-4D42-A4A2-A3E885B5DDF2}.Release|x64.Deploy.0 = Release|Any CPU
		{4FC08968-A8FE-4D42-A4A2-A3E885B5DDF2}.Release|x86.ActiveCfg = Release|Any CPU
		{4FC08968-A8FE-4D42-A4A2-A3E885B5DDF2}.Release|x86.Build.0 = Release|Any CPU
		{4FC08968-A8FE-4D42-A4A2-A3E885B5DDF2}.Release|x86.Deploy.0 = Release|Any CPU
		{5F3324B6-C6DD-4C14-9958-95984E192D7C}.Ad-Hoc|Any CPU.ActiveCfg = Debug|Any CPU
		{5F3324B6-C6DD-4C14-9958-95984E192D7C}.Ad-Hoc|Any CPU.Build.0 = Debug|Any CPU
		{5F3324B6-C6DD-4C14-9958-95984E192D7C}.Ad-Hoc|ARM.ActiveCfg = Debug|Any CPU
		{5F3324B6-C6DD-4C14-9958-95984E192D7C}.Ad-Hoc|ARM.Build.0 = Debug|Any CPU
		{5F3324B6-C6DD-4C14-9958-95984E192D7C}.Ad-Hoc|iPhone.ActiveCfg = Debug|Any CPU
		{5F3324B6-C6DD-4C14-9958-95984E192D7C}.Ad-Hoc|iPhone.Build.0 = Debug|Any CPU
		{5F3324B6-C6DD-4C14-9958-95984E192D7C}.Ad-Hoc|iPhoneSimulator.ActiveCfg = Debug|Any CPU
		{5F3324B6-C6DD-4C14-9958-95984E192D7C}.Ad-Hoc|iPhoneSimulator.Build.0 = Debug|Any CPU
		{5F3324B6-C6DD-4C14-9958-95984E192D7C}.Ad-Hoc|x64.ActiveCfg = Debug|Any CPU
		{5F3324B6-C6DD-4C14-9958-95984E192D7C}.Ad-Hoc|x64.Build.0 = Debug|Any CPU
		{5F3324B6-C6DD-4C14-9958-95984E192D7C}.Ad-Hoc|x86.ActiveCfg = Debug|Any CPU
		{5F3324B6-C6DD-4C14-9958-95984E192D7C}.Ad-Hoc|x86.Build.0 = Debug|Any CPU
		{5F3324B6-C6DD-4C14-9958-95984E192D7C}.AppStore|Any CPU.ActiveCfg = Debug|Any CPU
		{5F3324B6-C6DD-4C14-9958-95984E192D7C}.AppStore|Any CPU.Build.0 = Debug|Any CPU
		{5F3324B6-C6DD-4C14-9958-95984E192D7C}.AppStore|ARM.ActiveCfg = Debug|Any CPU
		{5F3324B6-C6DD-4C14-9958-95984E192D7C}.AppStore|ARM.Build.0 = Debug|Any CPU
		{5F3324B6-C6DD-4C14-9958-95984E192D7C}.AppStore|iPhone.ActiveCfg = Debug|Any CPU
		{5F3324B6-C6DD-4C14-9958-95984E192D7C}.AppStore|iPhone.Build.0 = Debug|Any CPU
		{5F3324B6-C6DD-4C14-9958-95984E192D7C}.AppStore|iPhoneSimulator.ActiveCfg = Debug|Any CPU
		{5F3324B6-C6DD-4C14-9958-95984E192D7C}.AppStore|iPhoneSimulator.Build.0 = Debug|Any CPU
		{5F3324B6-C6DD-4C14-9958-95984E192D7C}.AppStore|x64.ActiveCfg = Debug|Any CPU
		{5F3324B6-C6DD-4C14-9958-95984E192D7C}.AppStore|x64.Build.0 = Debug|Any CPU
		{5F3324B6-C6DD-4C14-9958-95984E192D7C}.AppStore|x86.ActiveCfg = Debug|Any CPU
		{5F3324B6-C6DD-4C14-9958-95984E192D7C}.AppStore|x86.Build.0 = Debug|Any CPU
		{5F3324B6-C6DD-4C14-9958-95984E192D7C}.Debug|Any CPU.ActiveCfg = Debug|Any CPU
		{5F3324B6-C6DD-4C14-9958-95984E192D7C}.Debug|Any CPU.Build.0 = Debug|Any CPU
		{5F3324B6-C6DD-4C14-9958-95984E192D7C}.Debug|ARM.ActiveCfg = Debug|Any CPU
		{5F3324B6-C6DD-4C14-9958-95984E192D7C}.Debug|ARM.Build.0 = Debug|Any CPU
		{5F3324B6-C6DD-4C14-9958-95984E192D7C}.Debug|iPhone.ActiveCfg = Debug|Any CPU
		{5F3324B6-C6DD-4C14-9958-95984E192D7C}.Debug|iPhone.Build.0 = Debug|Any CPU
		{5F3324B6-C6DD-4C14-9958-95984E192D7C}.Debug|iPhoneSimulator.ActiveCfg = Debug|Any CPU
		{5F3324B6-C6DD-4C14-9958-95984E192D7C}.Debug|iPhoneSimulator.Build.0 = Debug|Any CPU
		{5F3324B6-C6DD-4C14-9958-95984E192D7C}.Debug|x64.ActiveCfg = Debug|Any CPU
		{5F3324B6-C6DD-4C14-9958-95984E192D7C}.Debug|x64.Build.0 = Debug|Any CPU
		{5F3324B6-C6DD-4C14-9958-95984E192D7C}.Debug|x86.ActiveCfg = Debug|Any CPU
		{5F3324B6-C6DD-4C14-9958-95984E192D7C}.Debug|x86.Build.0 = Debug|Any CPU
		{5F3324B6-C6DD-4C14-9958-95984E192D7C}.Release|Any CPU.ActiveCfg = Release|Any CPU
		{5F3324B6-C6DD-4C14-9958-95984E192D7C}.Release|Any CPU.Build.0 = Release|Any CPU
		{5F3324B6-C6DD-4C14-9958-95984E192D7C}.Release|ARM.ActiveCfg = Release|Any CPU
		{5F3324B6-C6DD-4C14-9958-95984E192D7C}.Release|ARM.Build.0 = Release|Any CPU
		{5F3324B6-C6DD-4C14-9958-95984E192D7C}.Release|iPhone.ActiveCfg = Release|Any CPU
		{5F3324B6-C6DD-4C14-9958-95984E192D7C}.Release|iPhone.Build.0 = Release|Any CPU
		{5F3324B6-C6DD-4C14-9958-95984E192D7C}.Release|iPhoneSimulator.ActiveCfg = Release|Any CPU
		{5F3324B6-C6DD-4C14-9958-95984E192D7C}.Release|iPhoneSimulator.Build.0 = Release|Any CPU
		{5F3324B6-C6DD-4C14-9958-95984E192D7C}.Release|x64.ActiveCfg = Release|Any CPU
		{5F3324B6-C6DD-4C14-9958-95984E192D7C}.Release|x64.Build.0 = Release|Any CPU
		{5F3324B6-C6DD-4C14-9958-95984E192D7C}.Release|x86.ActiveCfg = Release|Any CPU
		{5F3324B6-C6DD-4C14-9958-95984E192D7C}.Release|x86.Build.0 = Release|Any CPU
		{1FA68791-26B0-440A-A0A1-191317DF32F7}.Ad-Hoc|Any CPU.ActiveCfg = Debug|Any CPU
		{1FA68791-26B0-440A-A0A1-191317DF32F7}.Ad-Hoc|Any CPU.Build.0 = Debug|Any CPU
		{1FA68791-26B0-440A-A0A1-191317DF32F7}.Ad-Hoc|ARM.ActiveCfg = Debug|Any CPU
		{1FA68791-26B0-440A-A0A1-191317DF32F7}.Ad-Hoc|ARM.Build.0 = Debug|Any CPU
		{1FA68791-26B0-440A-A0A1-191317DF32F7}.Ad-Hoc|iPhone.ActiveCfg = Debug|Any CPU
		{1FA68791-26B0-440A-A0A1-191317DF32F7}.Ad-Hoc|iPhone.Build.0 = Debug|Any CPU
		{1FA68791-26B0-440A-A0A1-191317DF32F7}.Ad-Hoc|iPhoneSimulator.ActiveCfg = Debug|Any CPU
		{1FA68791-26B0-440A-A0A1-191317DF32F7}.Ad-Hoc|iPhoneSimulator.Build.0 = Debug|Any CPU
		{1FA68791-26B0-440A-A0A1-191317DF32F7}.Ad-Hoc|x64.ActiveCfg = Debug|Any CPU
		{1FA68791-26B0-440A-A0A1-191317DF32F7}.Ad-Hoc|x64.Build.0 = Debug|Any CPU
		{1FA68791-26B0-440A-A0A1-191317DF32F7}.Ad-Hoc|x86.ActiveCfg = Debug|Any CPU
		{1FA68791-26B0-440A-A0A1-191317DF32F7}.Ad-Hoc|x86.Build.0 = Debug|Any CPU
		{1FA68791-26B0-440A-A0A1-191317DF32F7}.AppStore|Any CPU.ActiveCfg = Debug|Any CPU
		{1FA68791-26B0-440A-A0A1-191317DF32F7}.AppStore|Any CPU.Build.0 = Debug|Any CPU
		{1FA68791-26B0-440A-A0A1-191317DF32F7}.AppStore|ARM.ActiveCfg = Debug|Any CPU
		{1FA68791-26B0-440A-A0A1-191317DF32F7}.AppStore|ARM.Build.0 = Debug|Any CPU
		{1FA68791-26B0-440A-A0A1-191317DF32F7}.AppStore|iPhone.ActiveCfg = Debug|Any CPU
		{1FA68791-26B0-440A-A0A1-191317DF32F7}.AppStore|iPhone.Build.0 = Debug|Any CPU
		{1FA68791-26B0-440A-A0A1-191317DF32F7}.AppStore|iPhoneSimulator.ActiveCfg = Debug|Any CPU
		{1FA68791-26B0-440A-A0A1-191317DF32F7}.AppStore|iPhoneSimulator.Build.0 = Debug|Any CPU
		{1FA68791-26B0-440A-A0A1-191317DF32F7}.AppStore|x64.ActiveCfg = Debug|Any CPU
		{1FA68791-26B0-440A-A0A1-191317DF32F7}.AppStore|x64.Build.0 = Debug|Any CPU
		{1FA68791-26B0-440A-A0A1-191317DF32F7}.AppStore|x86.ActiveCfg = Debug|Any CPU
		{1FA68791-26B0-440A-A0A1-191317DF32F7}.AppStore|x86.Build.0 = Debug|Any CPU
		{1FA68791-26B0-440A-A0A1-191317DF32F7}.Debug|Any CPU.ActiveCfg = Debug|Any CPU
		{1FA68791-26B0-440A-A0A1-191317DF32F7}.Debug|Any CPU.Build.0 = Debug|Any CPU
		{1FA68791-26B0-440A-A0A1-191317DF32F7}.Debug|ARM.ActiveCfg = Debug|Any CPU
		{1FA68791-26B0-440A-A0A1-191317DF32F7}.Debug|ARM.Build.0 = Debug|Any CPU
		{1FA68791-26B0-440A-A0A1-191317DF32F7}.Debug|iPhone.ActiveCfg = Debug|Any CPU
		{1FA68791-26B0-440A-A0A1-191317DF32F7}.Debug|iPhone.Build.0 = Debug|Any CPU
		{1FA68791-26B0-440A-A0A1-191317DF32F7}.Debug|iPhoneSimulator.ActiveCfg = Debug|Any CPU
		{1FA68791-26B0-440A-A0A1-191317DF32F7}.Debug|iPhoneSimulator.Build.0 = Debug|Any CPU
		{1FA68791-26B0-440A-A0A1-191317DF32F7}.Debug|x64.ActiveCfg = Debug|Any CPU
		{1FA68791-26B0-440A-A0A1-191317DF32F7}.Debug|x64.Build.0 = Debug|Any CPU
		{1FA68791-26B0-440A-A0A1-191317DF32F7}.Debug|x86.ActiveCfg = Debug|Any CPU
		{1FA68791-26B0-440A-A0A1-191317DF32F7}.Debug|x86.Build.0 = Debug|Any CPU
		{1FA68791-26B0-440A-A0A1-191317DF32F7}.Release|Any CPU.ActiveCfg = Release|Any CPU
		{1FA68791-26B0-440A-A0A1-191317DF32F7}.Release|Any CPU.Build.0 = Release|Any CPU
		{1FA68791-26B0-440A-A0A1-191317DF32F7}.Release|ARM.ActiveCfg = Release|Any CPU
		{1FA68791-26B0-440A-A0A1-191317DF32F7}.Release|ARM.Build.0 = Release|Any CPU
		{1FA68791-26B0-440A-A0A1-191317DF32F7}.Release|iPhone.ActiveCfg = Release|Any CPU
		{1FA68791-26B0-440A-A0A1-191317DF32F7}.Release|iPhone.Build.0 = Release|Any CPU
		{1FA68791-26B0-440A-A0A1-191317DF32F7}.Release|iPhoneSimulator.ActiveCfg = Release|Any CPU
		{1FA68791-26B0-440A-A0A1-191317DF32F7}.Release|iPhoneSimulator.Build.0 = Release|Any CPU
		{1FA68791-26B0-440A-A0A1-191317DF32F7}.Release|x64.ActiveCfg = Release|Any CPU
		{1FA68791-26B0-440A-A0A1-191317DF32F7}.Release|x64.Build.0 = Release|Any CPU
		{1FA68791-26B0-440A-A0A1-191317DF32F7}.Release|x86.ActiveCfg = Release|Any CPU
		{1FA68791-26B0-440A-A0A1-191317DF32F7}.Release|x86.Build.0 = Release|Any CPU
		{E6734F36-909A-4DAC-B469-B170AB8E8909}.Ad-Hoc|Any CPU.ActiveCfg = Release|Any CPU
		{E6734F36-909A-4DAC-B469-B170AB8E8909}.Ad-Hoc|Any CPU.Build.0 = Release|Any CPU
		{E6734F36-909A-4DAC-B469-B170AB8E8909}.Ad-Hoc|ARM.ActiveCfg = Release|Any CPU
		{E6734F36-909A-4DAC-B469-B170AB8E8909}.Ad-Hoc|ARM.Build.0 = Release|Any CPU
		{E6734F36-909A-4DAC-B469-B170AB8E8909}.Ad-Hoc|iPhone.ActiveCfg = Release|Any CPU
		{E6734F36-909A-4DAC-B469-B170AB8E8909}.Ad-Hoc|iPhone.Build.0 = Release|Any CPU
		{E6734F36-909A-4DAC-B469-B170AB8E8909}.Ad-Hoc|iPhoneSimulator.ActiveCfg = Release|Any CPU
		{E6734F36-909A-4DAC-B469-B170AB8E8909}.Ad-Hoc|iPhoneSimulator.Build.0 = Release|Any CPU
		{E6734F36-909A-4DAC-B469-B170AB8E8909}.Ad-Hoc|x64.ActiveCfg = Release|Any CPU
		{E6734F36-909A-4DAC-B469-B170AB8E8909}.Ad-Hoc|x64.Build.0 = Release|Any CPU
		{E6734F36-909A-4DAC-B469-B170AB8E8909}.Ad-Hoc|x86.ActiveCfg = Release|Any CPU
		{E6734F36-909A-4DAC-B469-B170AB8E8909}.Ad-Hoc|x86.Build.0 = Release|Any CPU
		{E6734F36-909A-4DAC-B469-B170AB8E8909}.AppStore|Any CPU.ActiveCfg = Release|Any CPU
		{E6734F36-909A-4DAC-B469-B170AB8E8909}.AppStore|Any CPU.Build.0 = Release|Any CPU
		{E6734F36-909A-4DAC-B469-B170AB8E8909}.AppStore|ARM.ActiveCfg = Release|Any CPU
		{E6734F36-909A-4DAC-B469-B170AB8E8909}.AppStore|ARM.Build.0 = Release|Any CPU
		{E6734F36-909A-4DAC-B469-B170AB8E8909}.AppStore|iPhone.ActiveCfg = Release|Any CPU
		{E6734F36-909A-4DAC-B469-B170AB8E8909}.AppStore|iPhone.Build.0 = Release|Any CPU
		{E6734F36-909A-4DAC-B469-B170AB8E8909}.AppStore|iPhoneSimulator.ActiveCfg = Release|Any CPU
		{E6734F36-909A-4DAC-B469-B170AB8E8909}.AppStore|iPhoneSimulator.Build.0 = Release|Any CPU
		{E6734F36-909A-4DAC-B469-B170AB8E8909}.AppStore|x64.ActiveCfg = Release|Any CPU
		{E6734F36-909A-4DAC-B469-B170AB8E8909}.AppStore|x64.Build.0 = Release|Any CPU
		{E6734F36-909A-4DAC-B469-B170AB8E8909}.AppStore|x86.ActiveCfg = Release|Any CPU
		{E6734F36-909A-4DAC-B469-B170AB8E8909}.AppStore|x86.Build.0 = Release|Any CPU
		{E6734F36-909A-4DAC-B469-B170AB8E8909}.Debug|Any CPU.ActiveCfg = Debug|Any CPU
		{E6734F36-909A-4DAC-B469-B170AB8E8909}.Debug|Any CPU.Build.0 = Debug|Any CPU
		{E6734F36-909A-4DAC-B469-B170AB8E8909}.Debug|ARM.ActiveCfg = Debug|Any CPU
		{E6734F36-909A-4DAC-B469-B170AB8E8909}.Debug|ARM.Build.0 = Debug|Any CPU
		{E6734F36-909A-4DAC-B469-B170AB8E8909}.Debug|iPhone.ActiveCfg = Debug|Any CPU
		{E6734F36-909A-4DAC-B469-B170AB8E8909}.Debug|iPhone.Build.0 = Debug|Any CPU
		{E6734F36-909A-4DAC-B469-B170AB8E8909}.Debug|iPhoneSimulator.ActiveCfg = Debug|Any CPU
		{E6734F36-909A-4DAC-B469-B170AB8E8909}.Debug|iPhoneSimulator.Build.0 = Debug|Any CPU
		{E6734F36-909A-4DAC-B469-B170AB8E8909}.Debug|x64.ActiveCfg = Debug|Any CPU
		{E6734F36-909A-4DAC-B469-B170AB8E8909}.Debug|x64.Build.0 = Debug|Any CPU
		{E6734F36-909A-4DAC-B469-B170AB8E8909}.Debug|x86.ActiveCfg = Debug|Any CPU
		{E6734F36-909A-4DAC-B469-B170AB8E8909}.Debug|x86.Build.0 = Debug|Any CPU
		{E6734F36-909A-4DAC-B469-B170AB8E8909}.Release|Any CPU.ActiveCfg = Release|Any CPU
		{E6734F36-909A-4DAC-B469-B170AB8E8909}.Release|Any CPU.Build.0 = Release|Any CPU
		{E6734F36-909A-4DAC-B469-B170AB8E8909}.Release|ARM.ActiveCfg = Release|Any CPU
		{E6734F36-909A-4DAC-B469-B170AB8E8909}.Release|ARM.Build.0 = Release|Any CPU
		{E6734F36-909A-4DAC-B469-B170AB8E8909}.Release|iPhone.ActiveCfg = Release|Any CPU
		{E6734F36-909A-4DAC-B469-B170AB8E8909}.Release|iPhone.Build.0 = Release|Any CPU
		{E6734F36-909A-4DAC-B469-B170AB8E8909}.Release|iPhoneSimulator.ActiveCfg = Release|Any CPU
		{E6734F36-909A-4DAC-B469-B170AB8E8909}.Release|iPhoneSimulator.Build.0 = Release|Any CPU
		{E6734F36-909A-4DAC-B469-B170AB8E8909}.Release|x64.ActiveCfg = Release|Any CPU
		{E6734F36-909A-4DAC-B469-B170AB8E8909}.Release|x64.Build.0 = Release|Any CPU
		{E6734F36-909A-4DAC-B469-B170AB8E8909}.Release|x86.ActiveCfg = Release|Any CPU
		{E6734F36-909A-4DAC-B469-B170AB8E8909}.Release|x86.Build.0 = Release|Any CPU
	EndGlobalSection
	GlobalSection(SolutionProperties) = preSolution
		HideSolutionNode = FALSE
	EndGlobalSection
	GlobalSection(ExtensibilityGlobals) = postSolution
		SolutionGuid = {5C5B4E6B-532C-4FD7-95CE-7BCB0E6A97D2}
	EndGlobalSection
EndGlobal
